// !$*UTF8*$!
{
	archiveVersion = 1;
	classes = {
	};
	objectVersion = 50;
	objects = {

/* Begin PBXBuildFile section */
		52805CC6211AF38B00584A79 /* AppDelegate.m in Sources */ = {isa = PBXBuildFile; fileRef = 52805CC5211AF38B00584A79 /* AppDelegate.m */; };
		52805CC9211AF38B00584A79 /* ViewController.m in Sources */ = {isa = PBXBuildFile; fileRef = 52805CC8211AF38B00584A79 /* ViewController.m */; };
		52805CCE211AF38C00584A79 /* Assets.xcassets in Resources */ = {isa = PBXBuildFile; fileRef = 52805CCD211AF38C00584A79 /* Assets.xcassets */; };
		52805CD4211AF38C00584A79 /* main.m in Sources */ = {isa = PBXBuildFile; fileRef = 52805CD3211AF38C00584A79 /* main.m */; };
		52805CDE211AF38D00584A79 /* ReadBookTests.m in Sources */ = {isa = PBXBuildFile; fileRef = 52805CDD211AF38D00584A79 /* ReadBookTests.m */; };
		52805CE9211AF38D00584A79 /* ReadBookUITests.m in Sources */ = {isa = PBXBuildFile; fileRef = 52805CE8211AF38D00584A79 /* ReadBookUITests.m */; };
		52805CFD211D1F1300584A79 /* RBBaseViewController.m in Sources */ = {isa = PBXBuildFile; fileRef = 52805CFC211D1F1300584A79 /* RBBaseViewController.m */; };
		52805D01211D200A00584A79 /* RBHttpRequestService.m in Sources */ = {isa = PBXBuildFile; fileRef = 52805D00211D200A00584A79 /* RBHttpRequestService.m */; };
		52805D04211D2ADC00584A79 /* RBURLSessionDataTaskWapper.m in Sources */ = {isa = PBXBuildFile; fileRef = 52805D03211D2ADC00584A79 /* RBURLSessionDataTaskWapper.m */; };
		AC8EB9FD21706123928ED59D /* libPods-ReadBook.a in Frameworks */ = {isa = PBXBuildFile; fileRef = 4D4C3360266ADC9BAE9557FE /* libPods-ReadBook.a */; };
/* End PBXBuildFile section */

/* Begin PBXContainerItemProxy section */
		52805CDA211AF38D00584A79 /* PBXContainerItemProxy */ = {
			isa = PBXContainerItemProxy;
			containerPortal = 52805CB9211AF38B00584A79 /* Project object */;
			proxyType = 1;
			remoteGlobalIDString = 52805CC0211AF38B00584A79;
			remoteInfo = ReadBook;
		};
		52805CE5211AF38D00584A79 /* PBXContainerItemProxy */ = {
			isa = PBXContainerItemProxy;
			containerPortal = 52805CB9211AF38B00584A79 /* Project object */;
			proxyType = 1;
			remoteGlobalIDString = 52805CC0211AF38B00584A79;
			remoteInfo = ReadBook;
		};
/* End PBXContainerItemProxy section */

/* Begin PBXFileReference section */
		4D4C3360266ADC9BAE9557FE /* libPods-ReadBook.a */ = {isa = PBXFileReference; explicitFileType = archive.ar; includeInIndex = 0; path = "libPods-ReadBook.a"; sourceTree = BUILT_PRODUCTS_DIR; };
		52805CC1211AF38B00584A79 /* ReadBook.app */ = {isa = PBXFileReference; explicitFileType = wrapper.application; includeInIndex = 0; path = ReadBook.app; sourceTree = BUILT_PRODUCTS_DIR; };
		52805CC4211AF38B00584A79 /* AppDelegate.h */ = {isa = PBXFileReference; lastKnownFileType = sourcecode.c.h; path = AppDelegate.h; sourceTree = "<group>"; };
		52805CC5211AF38B00584A79 /* AppDelegate.m */ = {isa = PBXFileReference; lastKnownFileType = sourcecode.c.objc; path = AppDelegate.m; sourceTree = "<group>"; };
		52805CC7211AF38B00584A79 /* ViewController.h */ = {isa = PBXFileReference; lastKnownFileType = sourcecode.c.h; path = ViewController.h; sourceTree = "<group>"; };
		52805CC8211AF38B00584A79 /* ViewController.m */ = {isa = PBXFileReference; lastKnownFileType = sourcecode.c.objc; path = ViewController.m; sourceTree = "<group>"; };
		52805CCD211AF38C00584A79 /* Assets.xcassets */ = {isa = PBXFileReference; lastKnownFileType = folder.assetcatalog; path = Assets.xcassets; sourceTree = "<group>"; };
		52805CD2211AF38C00584A79 /* Info.plist */ = {isa = PBXFileReference; lastKnownFileType = text.plist.xml; path = Info.plist; sourceTree = "<group>"; };
		52805CD3211AF38C00584A79 /* main.m */ = {isa = PBXFileReference; lastKnownFileType = sourcecode.c.objc; path = main.m; sourceTree = "<group>"; };
		52805CD9211AF38D00584A79 /* ReadBookTests.xctest */ = {isa = PBXFileReference; explicitFileType = wrapper.cfbundle; includeInIndex = 0; path = ReadBookTests.xctest; sourceTree = BUILT_PRODUCTS_DIR; };
		52805CDD211AF38D00584A79 /* ReadBookTests.m */ = {isa = PBXFileReference; lastKnownFileType = sourcecode.c.objc; path = ReadBookTests.m; sourceTree = "<group>"; };
		52805CDF211AF38D00584A79 /* Info.plist */ = {isa = PBXFileReference; lastKnownFileType = text.plist.xml; path = Info.plist; sourceTree = "<group>"; };
		52805CE4211AF38D00584A79 /* ReadBookUITests.xctest */ = {isa = PBXFileReference; explicitFileType = wrapper.cfbundle; includeInIndex = 0; path = ReadBookUITests.xctest; sourceTree = BUILT_PRODUCTS_DIR; };
		52805CE8211AF38D00584A79 /* ReadBookUITests.m */ = {isa = PBXFileReference; lastKnownFileType = sourcecode.c.objc; path = ReadBookUITests.m; sourceTree = "<group>"; };
		52805CEA211AF38D00584A79 /* Info.plist */ = {isa = PBXFileReference; lastKnownFileType = text.plist.xml; path = Info.plist; sourceTree = "<group>"; };
		52805CFB211D1F1300584A79 /* RBBaseViewController.h */ = {isa = PBXFileReference; lastKnownFileType = sourcecode.c.h; path = RBBaseViewController.h; sourceTree = "<group>"; };
		52805CFC211D1F1300584A79 /* RBBaseViewController.m */ = {isa = PBXFileReference; lastKnownFileType = sourcecode.c.objc; path = RBBaseViewController.m; sourceTree = "<group>"; };
		52805CFF211D200A00584A79 /* RBHttpRequestService.h */ = {isa = PBXFileReference; lastKnownFileType = sourcecode.c.h; path = RBHttpRequestService.h; sourceTree = "<group>"; };
		52805D00211D200A00584A79 /* RBHttpRequestService.m */ = {isa = PBXFileReference; lastKnownFileType = sourcecode.c.objc; path = RBHttpRequestService.m; sourceTree = "<group>"; };
		52805D02211D2ADC00584A79 /* RBURLSessionDataTaskWapper.h */ = {isa = PBXFileReference; lastKnownFileType = sourcecode.c.h; path = RBURLSessionDataTaskWapper.h; sourceTree = "<group>"; };
		52805D03211D2ADC00584A79 /* RBURLSessionDataTaskWapper.m */ = {isa = PBXFileReference; lastKnownFileType = sourcecode.c.objc; path = RBURLSessionDataTaskWapper.m; sourceTree = "<group>"; };
		67FEE0462A94797B57976D07 /* Pods-ReadBook.release.xcconfig */ = {isa = PBXFileReference; includeInIndex = 1; lastKnownFileType = text.xcconfig; name = "Pods-ReadBook.release.xcconfig"; path = "Pods/Target Support Files/Pods-ReadBook/Pods-ReadBook.release.xcconfig"; sourceTree = "<group>"; };
		B9D65D691869587996924E06 /* Pods-ReadBook.debug.xcconfig */ = {isa = PBXFileReference; includeInIndex = 1; lastKnownFileType = text.xcconfig; name = "Pods-ReadBook.debug.xcconfig"; path = "Pods/Target Support Files/Pods-ReadBook/Pods-ReadBook.debug.xcconfig"; sourceTree = "<group>"; };
/* End PBXFileReference section */

/* Begin PBXFrameworksBuildPhase section */
		52805CBE211AF38B00584A79 /* Frameworks */ = {
			isa = PBXFrameworksBuildPhase;
			buildActionMask = 2147483647;
			files = (
				AC8EB9FD21706123928ED59D /* libPods-ReadBook.a in Frameworks */,
			);
			runOnlyForDeploymentPostprocessing = 0;
		};
		52805CD6211AF38D00584A79 /* Frameworks */ = {
			isa = PBXFrameworksBuildPhase;
			buildActionMask = 2147483647;
			files = (
			);
			runOnlyForDeploymentPostprocessing = 0;
		};
		52805CE1211AF38D00584A79 /* Frameworks */ = {
			isa = PBXFrameworksBuildPhase;
			buildActionMask = 2147483647;
			files = (
			);
			runOnlyForDeploymentPostprocessing = 0;
		};
/* End PBXFrameworksBuildPhase section */

/* Begin PBXGroup section */
		0CD42A348E8D5DF882F9D96C /* Frameworks */ = {
			isa = PBXGroup;
			children = (
				4D4C3360266ADC9BAE9557FE /* libPods-ReadBook.a */,
			);
			name = Frameworks;
			sourceTree = "<group>";
		};
		52805CB8211AF38B00584A79 = {
			isa = PBXGroup;
			children = (
				52805CC3211AF38B00584A79 /* ReadBook */,
				52805CDC211AF38D00584A79 /* ReadBookTests */,
				52805CE7211AF38D00584A79 /* ReadBookUITests */,
				52805CC2211AF38B00584A79 /* Products */,
				9BA888B4D4E8287064BBE4E6 /* Pods */,
				0CD42A348E8D5DF882F9D96C /* Frameworks */,
			);
			sourceTree = "<group>";
		};
		52805CC2211AF38B00584A79 /* Products */ = {
			isa = PBXGroup;
			children = (
				52805CC1211AF38B00584A79 /* ReadBook.app */,
				52805CD9211AF38D00584A79 /* ReadBookTests.xctest */,
				52805CE4211AF38D00584A79 /* ReadBookUITests.xctest */,
			);
			name = Products;
			sourceTree = "<group>";
		};
		52805CC3211AF38B00584A79 /* ReadBook */ = {
			isa = PBXGroup;
			children = (
				52805CFA211D1A5E00584A79 /* Util */,
				52805CF9211D1A4500584A79 /* Resources */,
				52805CF8211D19EF00584A79 /* Classes */,
				52805CF7211D19A000584A79 /* Library */,
				52805CC4211AF38B00584A79 /* AppDelegate.h */,
				52805CC5211AF38B00584A79 /* AppDelegate.m */,
				52805CFB211D1F1300584A79 /* RBBaseViewController.h */,
				52805CFC211D1F1300584A79 /* RBBaseViewController.m */,
				52805CC7211AF38B00584A79 /* ViewController.h */,
				52805CC8211AF38B00584A79 /* ViewController.m */,
				52805CCD211AF38C00584A79 /* Assets.xcassets */,
				52805CD2211AF38C00584A79 /* Info.plist */,
				52805CD3211AF38C00584A79 /* main.m */,
			);
			path = ReadBook;
			sourceTree = "<group>";
		};
		52805CDC211AF38D00584A79 /* ReadBookTests */ = {
			isa = PBXGroup;
			children = (
				52805CDD211AF38D00584A79 /* ReadBookTests.m */,
				52805CDF211AF38D00584A79 /* Info.plist */,
			);
			path = ReadBookTests;
			sourceTree = "<group>";
		};
		52805CE7211AF38D00584A79 /* ReadBookUITests */ = {
			isa = PBXGroup;
			children = (
				52805CE8211AF38D00584A79 /* ReadBookUITests.m */,
				52805CEA211AF38D00584A79 /* Info.plist */,
			);
			path = ReadBookUITests;
			sourceTree = "<group>";
		};
		52805CF7211D19A000584A79 /* Library */ = {
			isa = PBXGroup;
			children = (
			);
			path = Library;
			sourceTree = "<group>";
		};
		52805CF8211D19EF00584A79 /* Classes */ = {
			isa = PBXGroup;
			children = (
			);
			path = Classes;
			sourceTree = "<group>";
		};
		52805CF9211D1A4500584A79 /* Resources */ = {
			isa = PBXGroup;
			children = (
			);
			path = Resources;
			sourceTree = "<group>";
		};
		52805CFA211D1A5E00584A79 /* Util */ = {
			isa = PBXGroup;
			children = (
				52805CFE211D1FA100584A79 /* Service */,
			);
			path = Util;
			sourceTree = "<group>";
		};
		52805CFE211D1FA100584A79 /* Service */ = {
			isa = PBXGroup;
			children = (
				52805CFF211D200A00584A79 /* RBHttpRequestService.h */,
				52805D00211D200A00584A79 /* RBHttpRequestService.m */,
				52805D02211D2ADC00584A79 /* RBURLSessionDataTaskWapper.h */,
				52805D03211D2ADC00584A79 /* RBURLSessionDataTaskWapper.m */,
			);
			path = Service;
			sourceTree = "<group>";
		};
		9BA888B4D4E8287064BBE4E6 /* Pods */ = {
			isa = PBXGroup;
			children = (
				B9D65D691869587996924E06 /* Pods-ReadBook.debug.xcconfig */,
				67FEE0462A94797B57976D07 /* Pods-ReadBook.release.xcconfig */,
			);
			name = Pods;
			sourceTree = "<group>";
		};
/* End PBXGroup section */

/* Begin PBXNativeTarget section */
		52805CC0211AF38B00584A79 /* ReadBook */ = {
			isa = PBXNativeTarget;
			buildConfigurationList = 52805CED211AF38D00584A79 /* Build configuration list for PBXNativeTarget "ReadBook" */;
			buildPhases = (
				F815CEE96AD5739A23C6CF80 /* [CP] Check Pods Manifest.lock */,
				52805CBD211AF38B00584A79 /* Sources */,
				52805CBE211AF38B00584A79 /* Frameworks */,
				52805CBF211AF38B00584A79 /* Resources */,
			);
			buildRules = (
			);
			dependencies = (
			);
			name = ReadBook;
			productName = ReadBook;
			productReference = 52805CC1211AF38B00584A79 /* ReadBook.app */;
			productType = "com.apple.product-type.application";
		};
		52805CD8211AF38D00584A79 /* ReadBookTests */ = {
			isa = PBXNativeTarget;
			buildConfigurationList = 52805CF0211AF38D00584A79 /* Build configuration list for PBXNativeTarget "ReadBookTests" */;
			buildPhases = (
				52805CD5211AF38D00584A79 /* Sources */,
				52805CD6211AF38D00584A79 /* Frameworks */,
				52805CD7211AF38D00584A79 /* Resources */,
			);
			buildRules = (
			);
			dependencies = (
				52805CDB211AF38D00584A79 /* PBXTargetDependency */,
			);
			name = ReadBookTests;
			productName = ReadBookTests;
			productReference = 52805CD9211AF38D00584A79 /* ReadBookTests.xctest */;
			productType = "com.apple.product-type.bundle.unit-test";
		};
		52805CE3211AF38D00584A79 /* ReadBookUITests */ = {
			isa = PBXNativeTarget;
			buildConfigurationList = 52805CF3211AF38D00584A79 /* Build configuration list for PBXNativeTarget "ReadBookUITests" */;
			buildPhases = (
				52805CE0211AF38D00584A79 /* Sources */,
				52805CE1211AF38D00584A79 /* Frameworks */,
				52805CE2211AF38D00584A79 /* Resources */,
			);
			buildRules = (
			);
			dependencies = (
				52805CE6211AF38D00584A79 /* PBXTargetDependency */,
			);
			name = ReadBookUITests;
			productName = ReadBookUITests;
			productReference = 52805CE4211AF38D00584A79 /* ReadBookUITests.xctest */;
			productType = "com.apple.product-type.bundle.ui-testing";
		};
/* End PBXNativeTarget section */

/* Begin PBXProject section */
		52805CB9211AF38B00584A79 /* Project object */ = {
			isa = PBXProject;
			attributes = {
				LastUpgradeCheck = 0940;
				ORGANIZATIONNAME = Freedom;
				TargetAttributes = {
					52805CC0211AF38B00584A79 = {
						CreatedOnToolsVersion = 9.4.1;
					};
					52805CD8211AF38D00584A79 = {
						CreatedOnToolsVersion = 9.4.1;
						TestTargetID = 52805CC0211AF38B00584A79;
					};
					52805CE3211AF38D00584A79 = {
						CreatedOnToolsVersion = 9.4.1;
						TestTargetID = 52805CC0211AF38B00584A79;
					};
				};
			};
			buildConfigurationList = 52805CBC211AF38B00584A79 /* Build configuration list for PBXProject "ReadBook" */;
			compatibilityVersion = "Xcode 9.3";
			developmentRegion = en;
			hasScannedForEncodings = 0;
			knownRegions = (
				en,
				Base,
			);
			mainGroup = 52805CB8211AF38B00584A79;
			productRefGroup = 52805CC2211AF38B00584A79 /* Products */;
			projectDirPath = "";
			projectRoot = "";
			targets = (
				52805CC0211AF38B00584A79 /* ReadBook */,
				52805CD8211AF38D00584A79 /* ReadBookTests */,
				52805CE3211AF38D00584A79 /* ReadBookUITests */,
			);
		};
/* End PBXProject section */

/* Begin PBXResourcesBuildPhase section */
		52805CBF211AF38B00584A79 /* Resources */ = {
			isa = PBXResourcesBuildPhase;
			buildActionMask = 2147483647;
			files = (
				52805CCE211AF38C00584A79 /* Assets.xcassets in Resources */,
			);
			runOnlyForDeploymentPostprocessing = 0;
		};
		52805CD7211AF38D00584A79 /* Resources */ = {
			isa = PBXResourcesBuildPhase;
			buildActionMask = 2147483647;
			files = (
			);
			runOnlyForDeploymentPostprocessing = 0;
		};
		52805CE2211AF38D00584A79 /* Resources */ = {
			isa = PBXResourcesBuildPhase;
			buildActionMask = 2147483647;
			files = (
			);
			runOnlyForDeploymentPostprocessing = 0;
		};
/* End PBXResourcesBuildPhase section */

/* Begin PBXShellScriptBuildPhase section */
		F815CEE96AD5739A23C6CF80 /* [CP] Check Pods Manifest.lock */ = {
			isa = PBXShellScriptBuildPhase;
			buildActionMask = 2147483647;
			files = (
			);
			inputPaths = (
				"${PODS_PODFILE_DIR_PATH}/Podfile.lock",
				"${PODS_ROOT}/Manifest.lock",
			);
			name = "[CP] Check Pods Manifest.lock";
			outputPaths = (
				"$(DERIVED_FILE_DIR)/Pods-ReadBook-checkManifestLockResult.txt",
			);
			runOnlyForDeploymentPostprocessing = 0;
			shellPath = /bin/sh;
			shellScript = "diff \"${PODS_PODFILE_DIR_PATH}/Podfile.lock\" \"${PODS_ROOT}/Manifest.lock\" > /dev/null\nif [ $? != 0 ] ; then\n    # print error to STDERR\n    echo \"error: The sandbox is not in sync with the Podfile.lock. Run 'pod install' or update your CocoaPods installation.\" >&2\n    exit 1\nfi\n# This output is used by Xcode 'outputs' to avoid re-running this script phase.\necho \"SUCCESS\" > \"${SCRIPT_OUTPUT_FILE_0}\"\n";
			showEnvVarsInLog = 0;
		};
/* End PBXShellScriptBuildPhase section */

/* Begin PBXSourcesBuildPhase section */
		52805CBD211AF38B00584A79 /* Sources */ = {
			isa = PBXSourcesBuildPhase;
			buildActionMask = 2147483647;
			files = (
				52805D04211D2ADC00584A79 /* RBURLSessionDataTaskWapper.m in Sources */,
				52805CC9211AF38B00584A79 /* ViewController.m in Sources */,
				52805D01211D200A00584A79 /* RBHttpRequestService.m in Sources */,
				52805CD4211AF38C00584A79 /* main.m in Sources */,
				52805CC6211AF38B00584A79 /* AppDelegate.m in Sources */,
				52805CFD211D1F1300584A79 /* RBBaseViewController.m in Sources */,
			);
			runOnlyForDeploymentPostprocessing = 0;
		};
		52805CD5211AF38D00584A79 /* Sources */ = {
			isa = PBXSourcesBuildPhase;
			buildActionMask = 2147483647;
			files = (
				52805CDE211AF38D00584A79 /* ReadBookTests.m in Sources */,
			);
			runOnlyForDeploymentPostprocessing = 0;
		};
		52805CE0211AF38D00584A79 /* Sources */ = {
			isa = PBXSourcesBuildPhase;
			buildActionMask = 2147483647;
			files = (
				52805CE9211AF38D00584A79 /* ReadBookUITests.m in Sources */,
			);
			runOnlyForDeploymentPostprocessing = 0;
		};
/* End PBXSourcesBuildPhase section */

/* Begin PBXTargetDependency section */
		52805CDB211AF38D00584A79 /* PBXTargetDependency */ = {
			isa = PBXTargetDependency;
			target = 52805CC0211AF38B00584A79 /* ReadBook */;
			targetProxy = 52805CDA211AF38D00584A79 /* PBXContainerItemProxy */;
		};
		52805CE6211AF38D00584A79 /* PBXTargetDependency */ = {
			isa = PBXTargetDependency;
			target = 52805CC0211AF38B00584A79 /* ReadBook */;
			targetProxy = 52805CE5211AF38D00584A79 /* PBXContainerItemProxy */;
		};
/* End PBXTargetDependency section */

/* Begin XCBuildConfiguration section */
		52805CEB211AF38D00584A79 /* Debug */ = {
			isa = XCBuildConfiguration;
			buildSettings = {
				ALWAYS_SEARCH_USER_PATHS = NO;
				CLANG_ANALYZER_NONNULL = YES;
				CLANG_ANALYZER_NUMBER_OBJECT_CONVERSION = YES_AGGRESSIVE;
				CLANG_CXX_LANGUAGE_STANDARD = "gnu++14";
				CLANG_CXX_LIBRARY = "libc++";
				CLANG_ENABLE_MODULES = YES;
				CLANG_ENABLE_OBJC_ARC = YES;
				CLANG_ENABLE_OBJC_WEAK = YES;
				CLANG_WARN_BLOCK_CAPTURE_AUTORELEASING = YES;
				CLANG_WARN_BOOL_CONVERSION = YES;
				CLANG_WARN_COMMA = YES;
				CLANG_WARN_CONSTANT_CONVERSION = YES;
				CLANG_WARN_DEPRECATED_OBJC_IMPLEMENTATIONS = YES;
				CLANG_WARN_DIRECT_OBJC_ISA_USAGE = YES_ERROR;
				CLANG_WARN_DOCUMENTATION_COMMENTS = YES;
				CLANG_WARN_EMPTY_BODY = YES;
				CLANG_WARN_ENUM_CONVERSION = YES;
				CLANG_WARN_INFINITE_RECURSION = YES;
				CLANG_WARN_INT_CONVERSION = YES;
				CLANG_WARN_NON_LITERAL_NULL_CONVERSION = YES;
				CLANG_WARN_OBJC_IMPLICIT_RETAIN_SELF = YES;
				CLANG_WARN_OBJC_LITERAL_CONVERSION = YES;
				CLANG_WARN_OBJC_ROOT_CLASS = YES_ERROR;
				CLANG_WARN_RANGE_LOOP_ANALYSIS = YES;
				CLANG_WARN_STRICT_PROTOTYPES = YES;
				CLANG_WARN_SUSPICIOUS_MOVE = YES;
				CLANG_WARN_UNGUARDED_AVAILABILITY = YES_AGGRESSIVE;
				CLANG_WARN_UNREACHABLE_CODE = YES;
				CLANG_WARN__DUPLICATE_METHOD_MATCH = YES;
				CODE_SIGN_IDENTITY = "iPhone Developer";
				COPY_PHASE_STRIP = NO;
				DEBUG_INFORMATION_FORMAT = dwarf;
				ENABLE_STRICT_OBJC_MSGSEND = YES;
				ENABLE_TESTABILITY = YES;
				GCC_C_LANGUAGE_STANDARD = gnu11;
				GCC_DYNAMIC_NO_PIC = NO;
				GCC_NO_COMMON_BLOCKS = YES;
				GCC_OPTIMIZATION_LEVEL = 0;
				GCC_PREPROCESSOR_DEFINITIONS = (
					"DEBUG=1",
					"$(inherited)",
				);
				GCC_WARN_64_TO_32_BIT_CONVERSION = YES;
				GCC_WARN_ABOUT_RETURN_TYPE = YES_ERROR;
				GCC_WARN_UNDECLARED_SELECTOR = YES;
				GCC_WARN_UNINITIALIZED_AUTOS = YES_AGGRESSIVE;
				GCC_WARN_UNUSED_FUNCTION = YES;
				GCC_WARN_UNUSED_VARIABLE = YES;
				IPHONEOS_DEPLOYMENT_TARGET = 11.4;
				MTL_ENABLE_DEBUG_INFO = YES;
				ONLY_ACTIVE_ARCH = YES;
				SDKROOT = iphoneos;
			};
			name = Debug;
		};
		52805CEC211AF38D00584A79 /* Release */ = {
			isa = XCBuildConfiguration;
			buildSettings = {
				ALWAYS_SEARCH_USER_PATHS = NO;
				CLANG_ANALYZER_NONNULL = YES;
				CLANG_ANALYZER_NUMBER_OBJECT_CONVERSION = YES_AGGRESSIVE;
				CLANG_CXX_LANGUAGE_STANDARD = "gnu++14";
				CLANG_CXX_LIBRARY = "libc++";
				CLANG_ENABLE_MODULES = YES;
				CLANG_ENABLE_OBJC_ARC = YES;
				CLANG_ENABLE_OBJC_WEAK = YES;
				CLANG_WARN_BLOCK_CAPTURE_AUTORELEASING = YES;
				CLANG_WARN_BOOL_CONVERSION = YES;
				CLANG_WARN_COMMA = YES;
				CLANG_WARN_CONSTANT_CONVERSION = YES;
				CLANG_WARN_DEPRECATED_OBJC_IMPLEMENTATIONS = YES;
				CLANG_WARN_DIRECT_OBJC_ISA_USAGE = YES_ERROR;
				CLANG_WARN_DOCUMENTATION_COMMENTS = YES;
				CLANG_WARN_EMPTY_BODY = YES;
				CLANG_WARN_ENUM_CONVERSION = YES;
				CLANG_WARN_INFINITE_RECURSION = YES;
				CLANG_WARN_INT_CONVERSION = YES;
				CLANG_WARN_NON_LITERAL_NULL_CONVERSION = YES;
				CLANG_WARN_OBJC_IMPLICIT_RETAIN_SELF = YES;
				CLANG_WARN_OBJC_LITERAL_CONVERSION = YES;
				CLANG_WARN_OBJC_ROOT_CLASS = YES_ERROR;
				CLANG_WARN_RANGE_LOOP_ANALYSIS = YES;
				CLANG_WARN_STRICT_PROTOTYPES = YES;
				CLANG_WARN_SUSPICIOUS_MOVE = YES;
				CLANG_WARN_UNGUARDED_AVAILABILITY = YES_AGGRESSIVE;
				CLANG_WARN_UNREACHABLE_CODE = YES;
				CLANG_WARN__DUPLICATE_METHOD_MATCH = YES;
				CODE_SIGN_IDENTITY = "iPhone Developer";
				COPY_PHASE_STRIP = NO;
				DEBUG_INFORMATION_FORMAT = "dwarf-with-dsym";
				ENABLE_NS_ASSERTIONS = NO;
				ENABLE_STRICT_OBJC_MSGSEND = YES;
				GCC_C_LANGUAGE_STANDARD = gnu11;
				GCC_NO_COMMON_BLOCKS = YES;
				GCC_WARN_64_TO_32_BIT_CONVERSION = YES;
				GCC_WARN_ABOUT_RETURN_TYPE = YES_ERROR;
				GCC_WARN_UNDECLARED_SELECTOR = YES;
				GCC_WARN_UNINITIALIZED_AUTOS = YES_AGGRESSIVE;
				GCC_WARN_UNUSED_FUNCTION = YES;
				GCC_WARN_UNUSED_VARIABLE = YES;
				IPHONEOS_DEPLOYMENT_TARGET = 11.4;
				MTL_ENABLE_DEBUG_INFO = NO;
				SDKROOT = iphoneos;
				VALIDATE_PRODUCT = YES;
			};
			name = Release;
		};
		52805CEE211AF38D00584A79 /* Debug */ = {
			isa = XCBuildConfiguration;
			baseConfigurationReference = B9D65D691869587996924E06 /* Pods-ReadBook.debug.xcconfig */;
			buildSettings = {
				ASSETCATALOG_COMPILER_APPICON_NAME = AppIcon;
				ASSETCATALOG_COMPILER_LAUNCHIMAGE_NAME = "LaunchImage-2";
				CODE_SIGN_STYLE = Automatic;
				DEVELOPMENT_TEAM = 9YME369D6D;
				INFOPLIST_FILE = ReadBook/Info.plist;
				IPHONEOS_DEPLOYMENT_TARGET = 8.0;
				LD_RUNPATH_SEARCH_PATHS = (
					"$(inherited)",
					"@executable_path/Frameworks",
				);
				PRODUCT_BUNDLE_IDENTIFIER = "fly-freedom.ReadBook";
				PRODUCT_NAME = "$(TARGET_NAME)";
				TARGETED_DEVICE_FAMILY = 1;
			};
			name = Debug;
		};
		52805CEF211AF38D00584A79 /* Release */ = {
			isa = XCBuildConfiguration;
			baseConfigurationReference = 67FEE0462A94797B57976D07 /* Pods-ReadBook.release.xcconfig */;
			buildSettings = {
				ASSETCATALOG_COMPILER_APPICON_NAME = AppIcon;
				ASSETCATALOG_COMPILER_LAUNCHIMAGE_NAME = "LaunchImage-2";
				CODE_SIGN_STYLE = Automatic;
				DEVELOPMENT_TEAM = 9YME369D6D;
				INFOPLIST_FILE = ReadBook/Info.plist;
				IPHONEOS_DEPLOYMENT_TARGET = 8.0;
				LD_RUNPATH_SEARCH_PATHS = (
					"$(inherited)",
					"@executable_path/Frameworks",
				);
				PRODUCT_BUNDLE_IDENTIFIER = "fly-freedom.ReadBook";
				PRODUCT_NAME = "$(TARGET_NAME)";
				TARGETED_DEVICE_FAMILY = 1;
			};
			name = Release;
		};
		52805CF1211AF38D00584A79 /* Debug */ = {
			isa = XCBuildConfiguration;
			buildSettings = {
				BUNDLE_LOADER = "$(TEST_HOST)";
				CODE_SIGN_STYLE = Automatic;
				INFOPLIST_FILE = ReadBookTests/Info.plist;
				LD_RUNPATH_SEARCH_PATHS = (
					"$(inherited)",
					"@executable_path/Frameworks",
					"@loader_path/Frameworks",
				);
				PRODUCT_BUNDLE_IDENTIFIER = "fly-freedom.ReadBookTests";
				PRODUCT_NAME = "$(TARGET_NAME)";
				TARGETED_DEVICE_FAMILY = "1,2";
				TEST_HOST = "$(BUILT_PRODUCTS_DIR)/ReadBook.app/ReadBook";
			};
			name = Debug;
		};
		52805CF2211AF38D00584A79 /* Release */ = {
			isa = XCBuildConfiguration;
			buildSettings = {
				BUNDLE_LOADER = "$(TEST_HOST)";
				CODE_SIGN_STYLE = Automatic;
				INFOPLIST_FILE = ReadBookTests/Info.plist;
				LD_RUNPATH_SEARCH_PATHS = (
					"$(inherited)",
					"@executable_path/Frameworks",
					"@loader_path/Frameworks",
				);
				PRODUCT_BUNDLE_IDENTIFIER = "fly-freedom.ReadBookTests";
				PRODUCT_NAME = "$(TARGET_NAME)";
				TARGETED_DEVICE_FAMILY = "1,2";
				TEST_HOST = "$(BUILT_PRODUCTS_DIR)/ReadBook.app/ReadBook";
			};
			name = Release;
		};
		52805CF4211AF38D00584A79 /* Debug */ = {
			isa = XCBuildConfiguration;
			buildSettings = {
				CODE_SIGN_STYLE = Automatic;
				INFOPLIST_FILE = ReadBookUITests/Info.plist;
				LD_RUNPATH_SEARCH_PATHS = (
					"$(inherited)",
					"@executable_path/Frameworks",
					"@loader_path/Frameworks",
				);
				PRODUCT_BUNDLE_IDENTIFIER = "fly-freedom.ReadBookUITests";
				PRODUCT_NAME = "$(TARGET_NAME)";
				TARGETED_DEVICE_FAMILY = "1,2";
				TEST_TARGET_NAME = ReadBook;
			};
			name = Debug;
		};
		52805CF5211AF38D00584A79 /* Release */ = {
			isa = XCBuildConfiguration;
			buildSettings = {
				CODE_SIGN_STYLE = Automatic;
				INFOPLIST_FILE = ReadBookUITests/Info.plist;
				LD_RUNPATH_SEARCH_PATHS = (
					"$(inherited)",
					"@executable_path/Frameworks",
					"@loader_path/Frameworks",
				);
				PRODUCT_BUNDLE_IDENTIFIER = "fly-freedom.ReadBookUITests";
				PRODUCT_NAME = "$(TARGET_NAME)";
				TARGETED_DEVICE_FAMILY = "1,2";
				TEST_TARGET_NAME = ReadBook;
			};
			name = Release;
		};
/* End XCBuildConfiguration section */

/* Begin XCConfigurationList section */
		52805CBC211AF38B00584A79 /* Build configuration list for PBXProject "ReadBook" */ = {
			isa = XCConfigurationList;
			buildConfigurations = (
				52805CEB211AF38D00584A79 /* Debug */,
				52805CEC211AF38D00584A79 /* Release */,
			);
			defaultConfigurationIsVisible = 0;
			defaultConfigurationName = Release;
		};
		52805CED211AF38D00584A79 /* Build configuration list for PBXNativeTarget "ReadBook" */ = {
			isa = XCConfigurationList;
			buildConfigurations = (
				52805CEE211AF38D00584A79 /* Debug */,
				52805CEF211AF38D00584A79 /* Release */,
			);
			defaultConfigurationIsVisible = 0;
			defaultConfigurationName = Release;
		};
		52805CF0211AF38D00584A79 /* Build configuration list for PBXNativeTarget "ReadBookTests" */ = {
			isa = XCConfigurationList;
			buildConfigurations = (
				52805CF1211AF38D00584A79 /* Debug */,
				52805CF2211AF38D00584A79 /* Release */,
			);
			defaultConfigurationIsVisible = 0;
			defaultConfigurationName = Release;
		};
		52805CF3211AF38D00584A79 /* Build configuration list for PBXNativeTarget "ReadBookUITests" */ = {
			isa = XCConfigurationList;
			buildConfigurations = (
				52805CF4211AF38D00584A79 /* Debug */,
				52805CF5211AF38D00584A79 /* Release */,
			);
			defaultConfigurationIsVisible = 0;
			defaultConfigurationName = Release;
		};
/* End XCConfigurationList section */
	};
	rootObject = 52805CB9211AF38B00584A79 /* Project object */;
}
